
Microsoft Visual Studio Solution File, Format Version 12.00
# Visual Studio Version 17
VisualStudioVersion = 17.7.34024.191
MinimumVisualStudioVersion = 10.0.40219.1
Project("{FAE04EC0-301F-11D3-BF4B-00C04F79EFBC}") = "Sample App", "Sample App.csproj", "{4EDE00B0-0E6F-4F01-91D2-5B71D1C86D9D}"
EndProject
Global
	GlobalSection(SolutionConfigurationPlatforms) = preSolution
		Debug|Any CPU = Debug|Any CPU
		Release|Any CPU = Release|Any CPU
	EndGlobalSection
	GlobalSection(ProjectConfigurationPlatforms) = postSolution
		{4EDE00B0-0E6F-4F01-91D2-5B71D1C86D9D}.Debug|Any CPU.ActiveCfg = Debug|Any CPU
		{4EDE00B0-0E6F-4F01-91D2-5B71D1C86D9D}.Debug|Any CPU.Build.0 = Debug|Any CPU
		{4EDE00B0-0E6F-4F01-91D2-5B71D1C86D9D}.Release|Any CPU.ActiveCfg = Release|Any CPU
		{4EDE00B0-0E6F-4F01-91D2-5B71D1C86D9D}.Release|Any CPU.Build.0 = Release|Any CPU
	EndGlobalSection
	GlobalSection(SolutionProperties) = preSolution
		HideSolutionNode = FALSE
	EndGlobalSection
	GlobalSection(ExtensibilityGlobals) = postSolution
		SolutionGuid = {8FC8E097-FE93-4B4D-9F89-726D2BE32E72}
	EndGlobalSection
EndGlobal
